// !$*UTF8*$!
{
	archiveVersion = 1;
	classes = {
	};
	objectVersion = 77;
	objects = {

/* Begin PBXBuildFile section */
		C0A2AF8B2FD19C1000DCCACB /* Localizable.strings in Resources */ = {isa = PBXBuildFile; fileRef = C0A2AF892FD19C1000DCCACB /* Localizable.strings */; };
		C0A2AF8D2FD19F3800DCCACB /* Localizable.strings in Resources */ = {isa = PBXBuildFile; fileRef = C0A2AF892FD19C1000DCCACB /* Localizable.strings */; };
		CB71EF892FCF1A7700D29D6A /* WidgetKit.framework in Frameworks */ = {isa = PBXBuildFile; fileRef = CB71EF882FCF1A7700D29D6A /* WidgetKit.framework */; };
		CB71EF8B2FCF1A7700D29D6A /* SwiftUI.framework in Frameworks */ = {isa = PBXBuildFile; fileRef = CB71EF8A2FCF1A7700D29D6A /* SwiftUI.framework */; };
		CB71EF9A2FCF1A7700D29D6A /* NearbyPlaceWidgetExtension.appex in Embed Foundation Extensions */ = {isa = PBXBuildFile; fileRef = CB71EF862FCF1A7700D29D6A /* NearbyPlaceWidgetExtension.appex */; settings = {ATTRIBUTES = (RemoveHeadersOnCopy, ); }; };
/* End PBXBuildFile section */

/* Begin PBXContainerItemProxy section */
		CB71EF982FCF1A7700D29D6A /* PBXContainerItemProxy */ = {
			isa = PBXContainerItemProxy;
			containerPortal = 84816A642FB2054000F118EC /* Project object */;
			proxyType = 1;
			remoteGlobalIDString = CB71EF852FCF1A7700D29D6A;
			remoteInfo = NearbyPlaceWidgetExtension;
		};
/* End PBXContainerItemProxy section */

/* Begin PBXCopyFilesBuildPhase section */
		CB71EF9B2FCF1A7800D29D6A /* Embed Foundation Extensions */ = {
			isa = PBXCopyFilesBuildPhase;
			buildActionMask = 2147483647;
			dstPath = "";
			dstSubfolderSpec = 13;
			files = (
				CB71EF9A2FCF1A7700D29D6A /* NearbyPlaceWidgetExtension.appex in Embed Foundation Extensions */,
			);
			name = "Embed Foundation Extensions";
			runOnlyForDeploymentPostprocessing = 0;
		};
/* End PBXCopyFilesBuildPhase section */

/* Begin PBXFileReference section */
		84816A6C2FB2054000F118EC /* macro.app */ = {isa = PBXFileReference; explicitFileType = wrapper.application; includeInIndex = 0; path = macro.app; sourceTree = BUILT_PRODUCTS_DIR; };
		C0A2AF8A2FD19C1000DCCACB /* en */ = {isa = PBXFileReference; lastKnownFileType = text.plist.strings; name = en; path = en.lproj/Localizable.strings; sourceTree = "<group>"; };
		C0A2AF8C2FD19C1600DCCACB /* ar */ = {isa = PBXFileReference; lastKnownFileType = text.plist.strings; name = ar; path = ar.lproj/Localizable.strings; sourceTree = "<group>"; };
		CB71EF862FCF1A7700D29D6A /* NearbyPlaceWidgetExtension.appex */ = {isa = PBXFileReference; explicitFileType = "wrapper.app-extension"; includeInIndex = 0; path = NearbyPlaceWidgetExtension.appex; sourceTree = BUILT_PRODUCTS_DIR; };
		CB71EF882FCF1A7700D29D6A /* WidgetKit.framework */ = {isa = PBXFileReference; lastKnownFileType = wrapper.framework; name = WidgetKit.framework; path = System/Library/Frameworks/WidgetKit.framework; sourceTree = SDKROOT; };
		CB71EF8A2FCF1A7700D29D6A /* SwiftUI.framework */ = {isa = PBXFileReference; lastKnownFileType = wrapper.framework; name = SwiftUI.framework; path = System/Library/Frameworks/SwiftUI.framework; sourceTree = SDKROOT; };
		CB71EFD92FCF1C3800D29D6A /* NearbyPlaceWidgetExtension.entitlements */ = {isa = PBXFileReference; lastKnownFileType = text.plist.entitlements; path = NearbyPlaceWidgetExtension.entitlements; sourceTree = "<group>"; };
/* End PBXFileReference section */

/* Begin PBXFileSystemSynchronizedBuildFileExceptionSet section */
		CB5DA5EF2FBCAAD6009D7BD3 /* Exceptions for "macro" folder in "macro" target */ = {
			isa = PBXFileSystemSynchronizedBuildFileExceptionSet;
			membershipExceptions = (
				Info.plist,
			);
			target = 84816A6B2FB2054000F118EC /* macro */;
		};
		CB71EF9F2FCF1A7800D29D6A /* Exceptions for "NearbyPlaceWidget" folder in "NearbyPlaceWidgetExtension" target */ = {
			isa = PBXFileSystemSynchronizedBuildFileExceptionSet;
			membershipExceptions = (
				Info.plist,
			);
			target = CB71EF852FCF1A7700D29D6A /* NearbyPlaceWidgetExtension */;
		};
		CB71EFE12FD04C3900D29D6A /* Exceptions for "macro" folder in "NearbyPlaceWidgetExtension" target */ = {
			isa = PBXFileSystemSynchronizedBuildFileExceptionSet;
			membershipExceptions = (
				model/PlaceModels.swift,
			);
			target = CB71EF852FCF1A7700D29D6A /* NearbyPlaceWidgetExtension */;
		};
/* End PBXFileSystemSynchronizedBuildFileExceptionSet section */

/* Begin PBXFileSystemSynchronizedRootGroup section */
		84816A6E2FB2054000F118EC /* macro */ = {
			isa = PBXFileSystemSynchronizedRootGroup;
			exceptions = (
				CB5DA5EF2FBCAAD6009D7BD3 /* Exceptions for "macro" folder in "macro" target */,
				CB71EFE12FD04C3900D29D6A /* Exceptions for "macro" folder in "NearbyPlaceWidgetExtension" target */,
			);
			path = macro;
			sourceTree = "<group>";
		};
		CB71EF8C2FCF1A7700D29D6A /* NearbyPlaceWidget */ = {
			isa = PBXFileSystemSynchronizedRootGroup;
			exceptions = (
				CB71EF9F2FCF1A7800D29D6A /* Exceptions for "NearbyPlaceWidget" folder in "NearbyPlaceWidgetExtension" target */,
			);
			path = NearbyPlaceWidget;
			sourceTree = "<group>";
		};
/* End PBXFileSystemSynchronizedRootGroup section */

/* Begin PBXFrameworksBuildPhase section */
		84816A692FB2054000F118EC /* Frameworks */ = {
			isa = PBXFrameworksBuildPhase;
			buildActionMask = 2147483647;
			files = (
			);
			runOnlyForDeploymentPostprocessing = 0;
		};
		CB71EF832FCF1A7700D29D6A /* Frameworks */ = {
			isa = PBXFrameworksBuildPhase;
			buildActionMask = 2147483647;
			files = (
				CB71EF8B2FCF1A7700D29D6A /* SwiftUI.framework in Frameworks */,
				CB71EF892FCF1A7700D29D6A /* WidgetKit.framework in Frameworks */,
			);
			runOnlyForDeploymentPostprocessing = 0;
		};
/* End PBXFrameworksBuildPhase section */

/* Begin PBXGroup section */
		84816A632FB2054000F118EC = {
			isa = PBXGroup;
			children = (
				C0A2AF892FD19C1000DCCACB /* Localizable.strings */,
				CB71EFD92FCF1C3800D29D6A /* NearbyPlaceWidgetExtension.entitlements */,
				84816A6E2FB2054000F118EC /* macro */,
				CB71EF8C2FCF1A7700D29D6A /* NearbyPlaceWidget */,
				CB71EF872FCF1A7700D29D6A /* Frameworks */,
				84816A6D2FB2054000F118EC /* Products */,
			);
			sourceTree = "<group>";
		};
		84816A6D2FB2054000F118EC /* Products */ = {
			isa = PBXGroup;
			children = (
				84816A6C2FB2054000F118EC /* macro.app */,
				CB71EF862FCF1A7700D29D6A /* NearbyPlaceWidgetExtension.appex */,
			);
			name = Products;
			sourceTree = "<group>";
		};
		CB71EF872FCF1A7700D29D6A /* Frameworks */ = {
			isa = PBXGroup;
			children = (
				CB71EF882FCF1A7700D29D6A /* WidgetKit.framework */,
				CB71EF8A2FCF1A7700D29D6A /* SwiftUI.framework */,
			);
			name = Frameworks;
			sourceTree = "<group>";
		};
/* End PBXGroup section */

/* Begin PBXNativeTarget section */
		84816A6B2FB2054000F118EC /* macro */ = {
			isa = PBXNativeTarget;
			buildConfigurationList = 84816A772FB2054700F118EC /* Build configuration list for PBXNativeTarget "macro" */;
			buildPhases = (
				84816A682FB2054000F118EC /* Sources */,
				84816A692FB2054000F118EC /* Frameworks */,
				84816A6A2FB2054000F118EC /* Resources */,
				CB71EF9B2FCF1A7800D29D6A /* Embed Foundation Extensions */,
			);
			buildRules = (
			);
			dependencies = (
				CB71EF992FCF1A7700D29D6A /* PBXTargetDependency */,
			);
			fileSystemSynchronizedGroups = (
				84816A6E2FB2054000F118EC /* macro */,
			);
			name = macro;
			packageProductDependencies = (
			);
			productName = macro;
			productReference = 84816A6C2FB2054000F118EC /* macro.app */;
			productType = "com.apple.product-type.application";
		};
		CB71EF852FCF1A7700D29D6A /* NearbyPlaceWidgetExtension */ = {
			isa = PBXNativeTarget;
			buildConfigurationList = CB71EF9E2FCF1A7800D29D6A /* Build configuration list for PBXNativeTarget "NearbyPlaceWidgetExtension" */;
			buildPhases = (
				CB71EF822FCF1A7700D29D6A /* Sources */,
				CB71EF832FCF1A7700D29D6A /* Frameworks */,
				CB71EF842FCF1A7700D29D6A /* Resources */,
			);
			buildRules = (
			);
			dependencies = (
			);
			fileSystemSynchronizedGroups = (
				CB71EF8C2FCF1A7700D29D6A /* NearbyPlaceWidget */,
			);
			name = NearbyPlaceWidgetExtension;
			packageProductDependencies = (
			);
			productName = NearbyPlaceWidgetExtension;
			productReference = CB71EF862FCF1A7700D29D6A /* NearbyPlaceWidgetExtension.appex */;
			productType = "com.apple.product-type.app-extension";
		};
/* End PBXNativeTarget section */

/* Begin PBXProject section */
		84816A642FB2054000F118EC /* Project object */ = {
			isa = PBXProject;
			attributes = {
				BuildIndependentTargetsInParallel = 1;
				LastSwiftUpdateCheck = 2600;
				LastUpgradeCheck = 2600;
				TargetAttributes = {
					84816A6B2FB2054000F118EC = {
						CreatedOnToolsVersion = 26.0.1;
					};
					CB71EF852FCF1A7700D29D6A = {
						CreatedOnToolsVersion = 26.0.1;
					};
				};
			};
			buildConfigurationList = 84816A672FB2054000F118EC /* Build configuration list for PBXProject "macro" */;
			developmentRegion = en;
			hasScannedForEncodings = 0;
			knownRegions = (
				en,
				Base,
				ar,
			);
			mainGroup = 84816A632FB2054000F118EC;
			minimizedProjectReferenceProxies = 1;
			preferredProjectObjectVersion = 77;
			productRefGroup = 84816A6D2FB2054000F118EC /* Products */;
			projectDirPath = "";
			projectRoot = "";
			targets = (
				84816A6B2FB2054000F118EC /* macro */,
				CB71EF852FCF1A7700D29D6A /* NearbyPlaceWidgetExtension */,
			);
		};
/* End PBXProject section */

/* Begin PBXResourcesBuildPhase section */
		84816A6A2FB2054000F118EC /* Resources */ = {
			isa = PBXResourcesBuildPhase;
			buildActionMask = 2147483647;
			files = (
				C0A2AF8D2FD19F3800DCCACB /* Localizable.strings in Resources */,
			);
			runOnlyForDeploymentPostprocessing = 0;
		};
		CB71EF842FCF1A7700D29D6A /* Resources */ = {
			isa = PBXResourcesBuildPhase;
			buildActionMask = 2147483647;
			files = (
				C0A2AF8B2FD19C1000DCCACB /* Localizable.strings in Resources */,
			);
			runOnlyForDeploymentPostprocessing = 0;
		};
/* End PBXResourcesBuildPhase section */

/* Begin PBXSourcesBuildPhase section */
		84816A682FB2054000F118EC /* Sources */ = {
			isa = PBXSourcesBuildPhase;
			buildActionMask = 2147483647;
			files = (
			);
			runOnlyForDeploymentPostprocessing = 0;
		};
		CB71EF822FCF1A7700D29D6A /* Sources */ = {
			isa = PBXSourcesBuildPhase;
			buildActionMask = 2147483647;
			files = (
			);
			runOnlyForDeploymentPostprocessing = 0;
		};
/* End PBXSourcesBuildPhase section */

/* Begin PBXTargetDependency section */
		CB71EF992FCF1A7700D29D6A /* PBXTargetDependency */ = {
			isa = PBXTargetDependency;
			target = CB71EF852FCF1A7700D29D6A /* NearbyPlaceWidgetExtension */;
			targetProxy = CB71EF982FCF1A7700D29D6A /* PBXContainerItemProxy */;
		};
/* End PBXTargetDependency section */

/* Begin PBXVariantGroup section */
		C0A2AF892FD19C1000DCCACB /* Localizable.strings */ = {
			isa = PBXVariantGroup;
			children = (
				C0A2AF8A2FD19C1000DCCACB /* en */,
				C0A2AF8C2FD19C1600DCCACB /* ar */,
			);
			name = Localizable.strings;
			sourceTree = "<group>";
		};
/* End PBXVariantGroup section */

/* Begin XCBuildConfiguration section */
		84816A752FB2054700F118EC /* Debug */ = {
			isa = XCBuildConfiguration;
			buildSettings = {
				ALWAYS_SEARCH_USER_PATHS = NO;
				ASSETCATALOG_COMPILER_GENERATE_SWIFT_ASSET_SYMBOL_EXTENSIONS = YES;
				CLANG_ANALYZER_NONNULL = YES;
				CLANG_ANALYZER_NUMBER_OBJECT_CONVERSION = YES_AGGRESSIVE;
				CLANG_CXX_LANGUAGE_STANDARD = "gnu++20";
				CLANG_ENABLE_MODULES = YES;
				CLANG_ENABLE_OBJC_ARC = YES;
				CLANG_ENABLE_OBJC_WEAK = YES;
				CLANG_WARN_BLOCK_CAPTURE_AUTORELEASING = YES;
				CLANG_WARN_BOOL_CONVERSION = YES;
				CLANG_WARN_COMMA = YES;
				CLANG_WARN_CONSTANT_CONVERSION = YES;
				CLANG_WARN_DEPRECATED_OBJC_IMPLEMENTATIONS = YES;
				CLANG_WARN_DIRECT_OBJC_ISA_USAGE = YES_ERROR;
				CLANG_WARN_DOCUMENTATION_COMMENTS = YES;
				CLANG_WARN_EMPTY_BODY = YES;
				CLANG_WARN_ENUM_CONVERSION = YES;
				CLANG_WARN_INFINITE_RECURSION = YES;
				CLANG_WARN_INT_CONVERSION = YES;
				CLANG_WARN_NON_LITERAL_NULL_CONVERSION = YES;
				CLANG_WARN_OBJC_IMPLICIT_RETAIN_SELF = YES;
				CLANG_WARN_OBJC_LITERAL_CONVERSION = YES;
				CLANG_WARN_OBJC_ROOT_CLASS = YES_ERROR;
				CLANG_WARN_QUOTED_INCLUDE_IN_FRAMEWORK_HEADER = YES;
				CLANG_WARN_RANGE_LOOP_ANALYSIS = YES;
				CLANG_WARN_STRICT_PROTOTYPES = YES;
				CLANG_WARN_SUSPICIOUS_MOVE = YES;
				CLANG_WARN_UNGUARDED_AVAILABILITY = YES_AGGRESSIVE;
				CLANG_WARN_UNREACHABLE_CODE = YES;
				CLANG_WARN__DUPLICATE_METHOD_MATCH = YES;
				COPY_PHASE_STRIP = NO;
				DEBUG_INFORMATION_FORMAT = dwarf;
				DEVELOPMENT_TEAM = 923CF8HD53;
				ENABLE_STRICT_OBJC_MSGSEND = YES;
				ENABLE_TESTABILITY = YES;
				ENABLE_USER_SCRIPT_SANDBOXING = YES;
				GCC_C_LANGUAGE_STANDARD = gnu17;
				GCC_DYNAMIC_NO_PIC = NO;
				GCC_NO_COMMON_BLOCKS = YES;
				GCC_OPTIMIZATION_LEVEL = 0;
				GCC_PREPROCESSOR_DEFINITIONS = (
					"DEBUG=1",
					"$(inherited)",
				);
				GCC_WARN_64_TO_32_BIT_CONVERSION = YES;
				GCC_WARN_ABOUT_RETURN_TYPE = YES_ERROR;
				GCC_WARN_UNDECLARED_SELECTOR = YES;
				GCC_WARN_UNINITIALIZED_AUTOS = YES_AGGRESSIVE;
				GCC_WARN_UNUSED_FUNCTION = YES;
				GCC_WARN_UNUSED_VARIABLE = YES;
				IPHONEOS_DEPLOYMENT_TARGET = 26.0;
				LOCALIZATION_PREFERS_STRING_CATALOGS = YES;
				MTL_ENABLE_DEBUG_INFO = INCLUDE_SOURCE;
				MTL_FAST_MATH = YES;
				ONLY_ACTIVE_ARCH = YES;
				SDKROOT = iphoneos;
				SWIFT_ACTIVE_COMPILATION_CONDITIONS = "DEBUG $(inherited)";
				SWIFT_OPTIMIZATION_LEVEL = "-Onone";
			};
			name = Debug;
		};
		84816A762FB2054700F118EC /* Release */ = {
			isa = XCBuildConfiguration;
			buildSettings = {
				ALWAYS_SEARCH_USER_PATHS = NO;
				ASSETCATALOG_COMPILER_GENERATE_SWIFT_ASSET_SYMBOL_EXTENSIONS = YES;
				CLANG_ANALYZER_NONNULL = YES;
				CLANG_ANALYZER_NUMBER_OBJECT_CONVERSION = YES_AGGRESSIVE;
				CLANG_CXX_LANGUAGE_STANDARD = "gnu++20";
				CLANG_ENABLE_MODULES = YES;
				CLANG_ENABLE_OBJC_ARC = YES;
				CLANG_ENABLE_OBJC_WEAK = YES;
				CLANG_WARN_BLOCK_CAPTURE_AUTORELEASING = YES;
				CLANG_WARN_BOOL_CONVERSION = YES;
				CLANG_WARN_COMMA = YES;
				CLANG_WARN_CONSTANT_CONVERSION = YES;
				CLANG_WARN_DEPRECATED_OBJC_IMPLEMENTATIONS = YES;
				CLANG_WARN_DIRECT_OBJC_ISA_USAGE = YES_ERROR;
				CLANG_WARN_DOCUMENTATION_COMMENTS = YES;
				CLANG_WARN_EMPTY_BODY = YES;
				CLANG_WARN_ENUM_CONVERSION = YES;
				CLANG_WARN_INFINITE_RECURSION = YES;
				CLANG_WARN_INT_CONVERSION = YES;
				CLANG_WARN_NON_LITERAL_NULL_CONVERSION = YES;
				CLANG_WARN_OBJC_IMPLICIT_RETAIN_SELF = YES;
				CLANG_WARN_OBJC_LITERAL_CONVERSION = YES;
				CLANG_WARN_OBJC_ROOT_CLASS = YES_ERROR;
				CLANG_WARN_QUOTED_INCLUDE_IN_FRAMEWORK_HEADER = YES;
				CLANG_WARN_RANGE_LOOP_ANALYSIS = YES;
				CLANG_WARN_STRICT_PROTOTYPES = YES;
				CLANG_WARN_SUSPICIOUS_MOVE = YES;
				CLANG_WARN_UNGUARDED_AVAILABILITY = YES_AGGRESSIVE;
				CLANG_WARN_UNREACHABLE_CODE = YES;
				CLANG_WARN__DUPLICATE_METHOD_MATCH = YES;
				COPY_PHASE_STRIP = NO;
				DEBUG_INFORMATION_FORMAT = "dwarf-with-dsym";
				DEVELOPMENT_TEAM = 923CF8HD53;
				ENABLE_NS_ASSERTIONS = NO;
				ENABLE_STRICT_OBJC_MSGSEND = YES;
				ENABLE_USER_SCRIPT_SANDBOXING = YES;
				GCC_C_LANGUAGE_STANDARD = gnu17;
				GCC_NO_COMMON_BLOCKS = YES;
				GCC_WARN_64_TO_32_BIT_CONVERSION = YES;
				GCC_WARN_ABOUT_RETURN_TYPE = YES_ERROR;
				GCC_WARN_UNDECLARED_SELECTOR = YES;
				GCC_WARN_UNINITIALIZED_AUTOS = YES_AGGRESSIVE;
				GCC_WARN_UNUSED_FUNCTION = YES;
				GCC_WARN_UNUSED_VARIABLE = YES;
				IPHONEOS_DEPLOYMENT_TARGET = 26.0;
				LOCALIZATION_PREFERS_STRING_CATALOGS = YES;
				MTL_ENABLE_DEBUG_INFO = NO;
				MTL_FAST_MATH = YES;
				SDKROOT = iphoneos;
				SWIFT_COMPILATION_MODE = wholemodule;
				VALIDATE_PRODUCT = YES;
			};
			name = Release;
		};
		84816A782FB2054700F118EC /* Debug */ = {
			isa = XCBuildConfiguration;
			buildSettings = {
				ASSETCATALOG_COMPILER_APPICON_NAME = AppIcon;
				ASSETCATALOG_COMPILER_GLOBAL_ACCENT_COLOR_NAME = AccentColor;
				CODE_SIGN_ENTITLEMENTS = macro/macro.entitlements;
				CODE_SIGN_STYLE = Automatic;
				CURRENT_PROJECT_VERSION = 1;
				DEVELOPMENT_TEAM = QTVLP7L5Z8;
				ENABLE_PREVIEWS = YES;
				GENERATE_INFOPLIST_FILE = YES;
				INFOPLIST_FILE = macro/Info.plist;
				INFOPLIST_KEY_CFBundleDisplayName = Makan;
				INFOPLIST_KEY_NSLocationAlwaysAndWhenInUseUsageDescription = "We use your location to send reminders when you're near places you've saved.";
				INFOPLIST_KEY_NSLocationAlwaysUsageDescription = "We use your location to notify you when you're close to your saved places.";
				INFOPLIST_KEY_NSLocationWhenInUseUsageDescription = "We use your location to notify you when you're near your saved places.";
				INFOPLIST_KEY_UIApplicationSceneManifest_Generation = YES;
				INFOPLIST_KEY_UIApplicationSupportsIndirectInputEvents = YES;
				INFOPLIST_KEY_UILaunchScreen_Generation = YES;
				INFOPLIST_KEY_UISupportedInterfaceOrientations_iPad = "UIInterfaceOrientationPortrait UIInterfaceOrientationPortraitUpsideDown UIInterfaceOrientationLandscapeLeft UIInterfaceOrientationLandscapeRight";
				INFOPLIST_KEY_UISupportedInterfaceOrientations_iPhone = "UIInterfaceOrientationPortrait UIInterfaceOrientationLandscapeLeft UIInterfaceOrientationLandscapeRight";
				LD_RUNPATH_SEARCH_PATHS = (
					"$(inherited)",
					"@executable_path/Frameworks",
				);
				MARKETING_VERSION = 1.0;
				PRODUCT_BUNDLE_IDENTIFIER = com.reemaaa.macro;
				PRODUCT_NAME = "$(TARGET_NAME)";
				STRING_CATALOG_GENERATE_SYMBOLS = YES;
				SWIFT_APPROACHABLE_CONCURRENCY = YES;
				SWIFT_DEFAULT_ACTOR_ISOLATION = MainActor;
				SWIFT_EMIT_LOC_STRINGS = YES;
				SWIFT_UPCOMING_FEATURE_MEMBER_IMPORT_VISIBILITY = YES;
				SWIFT_VERSION = 5.0;
				TARGETED_DEVICE_FAMILY = "1,2";
			};
			name = Debug;
		};
		84816A792FB2054700F118EC /* Release */ = {
			isa = XCBuildConfiguration;
			buildSettings = {
				ASSETCATALOG_COMPILER_APPICON_NAME = AppIcon;
				ASSETCATALOG_COMPILER_GLOBAL_ACCENT_COLOR_NAME = AccentColor;
				CODE_SIGN_ENTITLEMENTS = macro/macro.entitlements;
				CODE_SIGN_STYLE = Automatic;
				CURRENT_PROJECT_VERSION = 1;
				DEVELOPMENT_TEAM = QTVLP7L5Z8;
				ENABLE_PREVIEWS = YES;
				GENERATE_INFOPLIST_FILE = YES;
				INFOPLIST_FILE = macro/Info.plist;
				INFOPLIST_KEY_CFBundleDisplayName = Makan;
				INFOPLIST_KEY_NSLocationAlwaysAndWhenInUseUsageDescription = "We use your location to send reminders when you're near places you've saved.";
				INFOPLIST_KEY_NSLocationAlwaysUsageDescription = "We use your location to notify you when you're close to your saved places.";
				INFOPLIST_KEY_NSLocationWhenInUseUsageDescription = "We use your location to notify you when you're near your saved places.";
				INFOPLIST_KEY_UIApplicationSceneManifest_Generation = YES;
				INFOPLIST_KEY_UIApplicationSupportsIndirectInputEvents = YES;
				INFOPLIST_KEY_UILaunchScreen_Generation = YES;
				INFOPLIST_KEY_UISupportedInterfaceOrientations_iPad = "UIInterfaceOrientationPortrait UIInterfaceOrientationPortraitUpsideDown UIInterfaceOrientationLandscapeLeft UIInterfaceOrientationLandscapeRight";
				INFOPLIST_KEY_UISupportedInterfaceOrientations_iPhone = "UIInterfaceOrientationPortrait UIInterfaceOrientationLandscapeLeft UIInterfaceOrientationLandscapeRight";
				LD_RUNPATH_SEARCH_PATHS = (
					"$(inherited)",
					"@executable_path/Frameworks",
				);
				MARKETING_VERSION = 1.0;
				PRODUCT_BUNDLE_IDENTIFIER = com.reemaaa.macro;
				PRODUCT_NAME = "$(TARGET_NAME)";
				STRING_CATALOG_GENERATE_SYMBOLS = YES;
				SWIFT_APPROACHABLE_CONCURRENCY = YES;
				SWIFT_DEFAULT_ACTOR_ISOLATION = MainActor;
				SWIFT_EMIT_LOC_STRINGS = YES;
				SWIFT_UPCOMING_FEATURE_MEMBER_IMPORT_VISIBILITY = YES;
				SWIFT_VERSION = 5.0;
				TARGETED_DEVICE_FAMILY = "1,2";
			};
			name = Release;
		};
		CB71EF9C2FCF1A7800D29D6A /* Debug */ = {
			isa = XCBuildConfiguration;
			buildSettings = {
				ASSETCATALOG_COMPILER_GLOBAL_ACCENT_COLOR_NAME = AccentColor;
				ASSETCATALOG_COMPILER_WIDGET_BACKGROUND_COLOR_NAME = WidgetBackground;
				CODE_SIGN_ENTITLEMENTS = NearbyPlaceWidgetExtension.entitlements;
				CODE_SIGN_STYLE = Automatic;
				CURRENT_PROJECT_VERSION = 1;
				DEVELOPMENT_TEAM = QTVLP7L5Z8;
				GENERATE_INFOPLIST_FILE = YES;
				INFOPLIST_FILE = NearbyPlaceWidget/Info.plist;
				INFOPLIST_KEY_CFBundleDisplayName = NearbyPlaceWidget;
				INFOPLIST_KEY_NSHumanReadableCopyright = "";
				LD_RUNPATH_SEARCH_PATHS = (
					"$(inherited)",
					"@executable_path/Frameworks",
					"@executable_path/../../Frameworks",
				);
				MARKETING_VERSION = 1.0;
				PRODUCT_BUNDLE_IDENTIFIER = com.reemaaa.macro.NearbyPlaceWidget;
				PRODUCT_NAME = "$(TARGET_NAME)";
				SKIP_INSTALL = YES;
				STRING_CATALOG_GENERATE_SYMBOLS = YES;
				SWIFT_APPROACHABLE_CONCURRENCY = YES;
				SWIFT_EMIT_LOC_STRINGS = YES;
				SWIFT_UPCOMING_FEATURE_MEMBER_IMPORT_VISIBILITY = YES;
				SWIFT_VERSION = 5.0;
				TARGETED_DEVICE_FAMILY = "1,2";
			};
			name = Debug;
		};
		CB71EF9D2FCF1A7800D29D6A /* Release */ = {
			isa = XCBuildConfiguration;
			buildSettings = {
				ASSETCATALOG_COMPILER_GLOBAL_ACCENT_COLOR_NAME = AccentColor;
				ASSETCATALOG_COMPILER_WIDGET_BACKGROUND_COLOR_NAME = WidgetBackground;
				CODE_SIGN_ENTITLEMENTS = NearbyPlaceWidgetExtension.entitlements;
				CODE_SIGN_STYLE = Automatic;
				CURRENT_PROJECT_VERSION = 1;
				DEVELOPMENT_TEAM = QTVLP7L5Z8;
				GENERATE_INFOPLIST_FILE = YES;
				INFOPLIST_FILE = NearbyPlaceWidget/Info.plist;
				INFOPLIST_KEY_CFBundleDisplayName = NearbyPlaceWidget;
				INFOPLIST_KEY_NSHumanReadableCopyright = "";
				LD_RUNPATH_SEARCH_PATHS = (
					"$(inherited)",
					"@executable_path/Frameworks",
					"@executable_path/../../Frameworks",
				);
				MARKETING_VERSION = 1.0;
				PRODUCT_BUNDLE_IDENTIFIER = com.reemaaa.macro.NearbyPlaceWidget;
				PRODUCT_NAME = "$(TARGET_NAME)";
				SKIP_INSTALL = YES;
				STRING_CATALOG_GENERATE_SYMBOLS = YES;
				SWIFT_APPROACHABLE_CONCURRENCY = YES;
				SWIFT_EMIT_LOC_STRINGS = YES;
				SWIFT_UPCOMING_FEATURE_MEMBER_IMPORT_VISIBILITY = YES;
				SWIFT_VERSION = 5.0;
				TARGETED_DEVICE_FAMILY = "1,2";
			};
			name = Release;
		};
/* End XCBuildConfiguration section */

/* Begin XCConfigurationList section */
		84816A672FB2054000F118EC /* Build configuration list for PBXProject "macro" */ = {
			isa = XCConfigurationList;
			buildConfigurations = (
				84816A752FB2054700F118EC /* Debug */,
				84816A762FB2054700F118EC /* Release */,
			);
			defaultConfigurationIsVisible = 0;
			defaultConfigurationName = Release;
		};
		84816A772FB2054700F118EC /* Build configuration list for PBXNativeTarget "macro" */ = {
			isa = XCConfigurationList;
			buildConfigurations = (
				84816A782FB2054700F118EC /* Debug */,
				84816A792FB2054700F118EC /* Release */,
			);
			defaultConfigurationIsVisible = 0;
			defaultConfigurationName = Release;
		};
		CB71EF9E2FCF1A7800D29D6A /* Build configuration list for PBXNativeTarget "NearbyPlaceWidgetExtension" */ = {
			isa = XCConfigurationList;
			buildConfigurations = (
				CB71EF9C2FCF1A7800D29D6A /* Debug */,
				CB71EF9D2FCF1A7800D29D6A /* Release */,
			);
			defaultConfigurationIsVisible = 0;
			defaultConfigurationName = Release;
		};
/* End XCConfigurationList section */
	};
	rootObject = 84816A642FB2054000F118EC /* Project object */;
}
